
Microsoft Visual Studio Solution File, Format Version 12.00
# Visual Studio Version 17
VisualStudioVersion = 17.8.34511.84
MinimumVisualStudioVersion = 10.0.40219.1
Project("{9A19103F-16F7-4668-BE54-9A1E7A4F7556}") = "ToDoApp", "ToDoApp.csproj", "{28B7B611-7791-4A5A-8F5F-9454A54905F5}"
EndProject
Global
	GlobalSection(SolutionConfigurationPlatforms) = preSolution
		Debug|Any CPU = Debug|Any CPU
		Release|Any CPU = Release|Any CPU
	EndGlobalSection
	GlobalSection(ProjectConfigurationPlatforms) = postSolution
		{28B7B611-7791-4A5A-8F5F-9454A54905F5}.Debug|Any CPU.ActiveCfg = Debug|Any CPU
		{28B7B611-7791-4A5A-8F5F-9454A54905F5}.Debug|Any CPU.Build.0 = Debug|Any CPU
		{28B7B611-7791-4A5A-8F5F-9454A54905F5}.Release|Any CPU.ActiveCfg = Release|Any CPU
		{28B7B611-7791-4A5A-8F5F-9454A54905F5}.Release|Any CPU.Build.0 = Release|Any CPU
	EndGlobalSection
	GlobalSection(SolutionProperties) = preSolution
		HideSolutionNode = FALSE
	EndGlobalSection
	GlobalSection(ExtensibilityGlobals) = postSolution
		SolutionGuid = {3515DB3F-1B52-48DF-B9AD-8D7C1BEB74C9}
	EndGlobalSection
EndGlobal
